
Microsoft Visual Studio Solution File, Format Version 12.00
# Visual Studio Version 16
VisualStudioVersion = 16.0.30621.155
MinimumVisualStudioVersion = 10.0.40219.1
Project("{9A19103F-16F7-4668-BE54-9A1E7A4F7556}") = "AWSMarketAPI", "AWSMarketAPI\AWSMarketAPI.csproj", "{AC1C5E1A-F7D9-404B-A1BE-5897F8B67C1B}"
EndProject
Project("{FAE04EC0-301F-11D3-BF4B-00C04F79EFBC}") = "AWSMarket.BL", "AWSMarket.BL\AWSMarket.BL.csproj", "{BAF014DF-53A7-4D41-973B-A34289660D36}"
EndProject
Global
	GlobalSection(SolutionConfigurationPlatforms) = preSolution
		Debug|Any CPU = Debug|Any CPU
		Release|Any CPU = Release|Any CPU
	EndGlobalSection
	GlobalSection(ProjectConfigurationPlatforms) = postSolution
		{AC1C5E1A-F7D9-404B-A1BE-5897F8B67C1B}.Debug|Any CPU.ActiveCfg = Debug|Any CPU
		{AC1C5E1A-F7D9-404B-A1BE-5897F8B67C1B}.Debug|Any CPU.Build.0 = Debug|Any CPU
		{AC1C5E1A-F7D9-404B-A1BE-5897F8B67C1B}.Release|Any CPU.ActiveCfg = Release|Any CPU
		{AC1C5E1A-F7D9-404B-A1BE-5897F8B67C1B}.Release|Any CPU.Build.0 = Release|Any CPU
		{BAF014DF-53A7-4D41-973B-A34289660D36}.Debug|Any CPU.ActiveCfg = Debug|Any CPU
		{BAF014DF-53A7-4D41-973B-A34289660D36}.Debug|Any CPU.Build.0 = Debug|Any CPU
		{BAF014DF-53A7-4D41-973B-A34289660D36}.Release|Any CPU.ActiveCfg = Release|Any CPU
		{BAF014DF-53A7-4D41-973B-A34289660D36}.Release|Any CPU.Build.0 = Release|Any CPU
	EndGlobalSection
	GlobalSection(SolutionProperties) = preSolution
		HideSolutionNode = FALSE
	EndGlobalSection
	GlobalSection(ExtensibilityGlobals) = postSolution
		SolutionGuid = {972067C7-9CE8-48BA-802B-44B45D0C2D46}
	EndGlobalSection
EndGlobal
